
Microsoft Visual Studio Solution File, Format Version 12.00
# Visual Studio Version 16
VisualStudioVersion = 16.0.29519.87
MinimumVisualStudioVersion = 10.0.40219.1
Project("{FAE04EC0-301F-11D3-BF4B-00C04F79EFBC}") = "Star Wars API", "Star Wars API\Star Wars API.csproj", "{007E9F94-9190-4222-8D6E-21262932F245}"
EndProject
Global
	GlobalSection(SolutionConfigurationPlatforms) = preSolution
		Debug|Any CPU = Debug|Any CPU
		Release|Any CPU = Release|Any CPU
	EndGlobalSection
	GlobalSection(ProjectConfigurationPlatforms) = postSolution
		{007E9F94-9190-4222-8D6E-21262932F245}.Debug|Any CPU.ActiveCfg = Debug|Any CPU
		{007E9F94-9190-4222-8D6E-21262932F245}.Debug|Any CPU.Build.0 = Debug|Any CPU
		{007E9F94-9190-4222-8D6E-21262932F245}.Release|Any CPU.ActiveCfg = Release|Any CPU
		{007E9F94-9190-4222-8D6E-21262932F245}.Release|Any CPU.Build.0 = Release|Any CPU
	EndGlobalSection
	GlobalSection(SolutionProperties) = preSolution
		HideSolutionNode = FALSE
	EndGlobalSection
	GlobalSection(ExtensibilityGlobals) = postSolution
		SolutionGuid = {CFC1920C-1168-4B54-9057-DBFFA8872D4A}
	EndGlobalSection
EndGlobal
